PODS:
  - Alamofire (3.5.0)
  - DJHUD (1.2.0)
  - Kingfisher (2.6.0)
  - SnapKit (0.22.0)
  - SwiftDate (3.0.8)
  - SwiftyJSON (2.3.2)

DEPENDENCIES:
  - Alamofire (~> 3.4)
  - DJHUD
  - Kingfisher (~> 2.4)
  - SnapKit (~> 0.22.0)
  - SwiftDate (~> 3.0.8)
  - SwiftyJSON (~> 2.3.1)

SPEC CHECKSUMS:
  Alamofire: b70a7352335f8ea5babd0a923eb7e8eacc67b877
  DJHUD: 6e18f4bea8c39ca143bceca3c4a753e8500ba869
  Kingfisher: d84c5fd176ea86cc7b8aac65fd55feda6f70f130
  SnapKit: 0dd2fd157330f1ea11fd84da13e6be8a7a22bae0
  SwiftDate: 971f8b9394f664f2226b9c3ab64e801a7291c612
  SwiftyJSON: 04ccea08915aa0109039157c7974cf0298da292a

PODFILE CHECKSUM: 09153fa934bd71cc11355036906f3b77605e88bc

COCOAPODS: 1.0.1
