// !$*UTF8*$!
{
	archiveVersion = 1;
	classes = {
	};
	objectVersion = 46;
	objects = {

/* Begin PBXBuildFile section */
		7330CDE11D82B07F0077A8E6 /* PraiseView.swift in Sources */ = {isa = PBXBuildFile; fileRef = 7330CDE01D82B07F0077A8E6 /* PraiseView.swift */; };
		734C3DE51D6D401C00B1029B /* CircleProgressView.swift in Sources */ = {isa = PBXBuildFile; fileRef = 734C3DE41D6D401C00B1029B /* CircleProgressView.swift */; };
		734C3DE91D6D797C00B1029B /* DYLCarousel.swift in Sources */ = {isa = PBXBuildFile; fileRef = 734C3DE81D6D797C00B1029B /* DYLCarousel.swift */; };
		734C3DEC1D6D7B3B00B1029B /* BannerView.swift in Sources */ = {isa = PBXBuildFile; fileRef = 734C3DEB1D6D7B3B00B1029B /* BannerView.swift */; };
		734C3DEE1D6D8CEE00B1029B /* DYLParallelView.swift in Sources */ = {isa = PBXBuildFile; fileRef = 734C3DED1D6D8CEE00B1029B /* DYLParallelView.swift */; };
		734C3DF11D6DA20E00B1029B /* Story.swift in Sources */ = {isa = PBXBuildFile; fileRef = 734C3DF01D6DA20E00B1029B /* Story.swift */; };
		734C3DF41D6EB7FD00B1029B /* StoryCell.swift in Sources */ = {isa = PBXBuildFile; fileRef = 734C3DF31D6EB7FD00B1029B /* StoryCell.swift */; };
		736EE4FF1D751F5B00C7834D /* Theme.swift in Sources */ = {isa = PBXBuildFile; fileRef = 736EE4FE1D751F5B00C7834D /* Theme.swift */; };
		736EE5011D754A9200C7834D /* MenuViewController.swift in Sources */ = {isa = PBXBuildFile; fileRef = 736EE5001D754A9200C7834D /* MenuViewController.swift */; };
		736EE5031D754BBE00C7834D /* ThemeCell.swift in Sources */ = {isa = PBXBuildFile; fileRef = 736EE5021D754BBE00C7834D /* ThemeCell.swift */; };
		736EE5051D7558B700C7834D /* DYLSlideViewController.swift in Sources */ = {isa = PBXBuildFile; fileRef = 736EE5041D7558B700C7834D /* DYLSlideViewController.swift */; };
		736EE5071D7563E000C7834D /* HomeThemeCell.swift in Sources */ = {isa = PBXBuildFile; fileRef = 736EE5061D7563E000C7834D /* HomeThemeCell.swift */; };
		736EE5091D7572FB00C7834D /* ThemeViewController.swift in Sources */ = {isa = PBXBuildFile; fileRef = 736EE5081D7572FB00C7834D /* ThemeViewController.swift */; };
		736EE50D1D75919200C7834D /* SWRevealViewController.m in Sources */ = {isa = PBXBuildFile; fileRef = 736EE50C1D75919200C7834D /* SWRevealViewController.m */; };
		73AC850F1D73D148000B111A /* TitleView.swift in Sources */ = {isa = PBXBuildFile; fileRef = 73AC850E1D73D148000B111A /* TitleView.swift */; };
		73AEDBEB1D6FF15000BDDBCA /* UITableView+FDIndexPathHeightCache.m in Sources */ = {isa = PBXBuildFile; fileRef = 73AEDBE41D6FF15000BDDBCA /* UITableView+FDIndexPathHeightCache.m */; };
		73AEDBEC1D6FF15000BDDBCA /* UITableView+FDKeyedHeightCache.m in Sources */ = {isa = PBXBuildFile; fileRef = 73AEDBE61D6FF15000BDDBCA /* UITableView+FDKeyedHeightCache.m */; };
		73AEDBED1D6FF15000BDDBCA /* UITableView+FDTemplateLayoutCell.m in Sources */ = {isa = PBXBuildFile; fileRef = 73AEDBE81D6FF15000BDDBCA /* UITableView+FDTemplateLayoutCell.m */; };
		73AEDBEE1D6FF15000BDDBCA /* UITableView+FDTemplateLayoutCellDebug.m in Sources */ = {isa = PBXBuildFile; fileRef = 73AEDBEA1D6FF15000BDDBCA /* UITableView+FDTemplateLayoutCellDebug.m */; };
		73AEDC101D70122800BDDBCA /* ParallaxHeaderView.swift in Sources */ = {isa = PBXBuildFile; fileRef = 73AEDC0F1D70122800BDDBCA /* ParallaxHeaderView.swift */; };
		73AEDC121D70127600BDDBCA /* MainViewController.swift in Sources */ = {isa = PBXBuildFile; fileRef = 73AEDC111D70127600BDDBCA /* MainViewController.swift */; };
		73AEDC361D70AA1200BDDBCA /* Kingfisher.framework in Frameworks */ = {isa = PBXBuildFile; fileRef = 73AEDC351D70AA1200BDDBCA /* Kingfisher.framework */; };
		73AEDC391D70ADE800BDDBCA /* LauchViewController.swift in Sources */ = {isa = PBXBuildFile; fileRef = 73AEDC381D70ADE800BDDBCA /* LauchViewController.swift */; };
		73AEDC3B1D72B5D300BDDBCA /* SwiftDate.framework in Frameworks */ = {isa = PBXBuildFile; fileRef = 73AEDC3A1D72B5D300BDDBCA /* SwiftDate.framework */; };
		73B82B081D6EE6F100CB9634 /* Extension.swift in Sources */ = {isa = PBXBuildFile; fileRef = 73B82B071D6EE6F100CB9634 /* Extension.swift */; };
		73BD80311D76AF0900109023 /* NotificationKey.swift in Sources */ = {isa = PBXBuildFile; fileRef = 73BD80301D76AF0900109023 /* NotificationKey.swift */; };
		73BD80331D76C7D800109023 /* ThemeEditorCell.swift in Sources */ = {isa = PBXBuildFile; fileRef = 73BD80321D76C7D800109023 /* ThemeEditorCell.swift */; };
		73BD80351D76CE3000109023 /* EditorCell.swift in Sources */ = {isa = PBXBuildFile; fileRef = 73BD80341D76CE3000109023 /* EditorCell.swift */; };
		73BD80371D76D00C00109023 /* EditorViewController.swift in Sources */ = {isa = PBXBuildFile; fileRef = 73BD80361D76D00C00109023 /* EditorViewController.swift */; };
		73C5BED01D6AF089006089F3 /* AppDelegate.swift in Sources */ = {isa = PBXBuildFile; fileRef = 73C5BECF1D6AF089006089F3 /* AppDelegate.swift */; };
		73C5BED51D6AF089006089F3 /* Main.storyboard in Resources */ = {isa = PBXBuildFile; fileRef = 73C5BED31D6AF089006089F3 /* Main.storyboard */; };
		73C5BED71D6AF089006089F3 /* Assets.xcassets in Resources */ = {isa = PBXBuildFile; fileRef = 73C5BED61D6AF089006089F3 /* Assets.xcassets */; };
		73C5BEDA1D6AF089006089F3 /* LaunchScreen.storyboard in Resources */ = {isa = PBXBuildFile; fileRef = 73C5BED81D6AF089006089F3 /* LaunchScreen.storyboard */; };
		73CA2D571D6AF5D6009DD62A /* URLS.swift in Sources */ = {isa = PBXBuildFile; fileRef = 73CA2D561D6AF5D6009DD62A /* URLS.swift */; };
		73CA2D591D6AF877009DD62A /* DailyRequest.swift in Sources */ = {isa = PBXBuildFile; fileRef = 73CA2D581D6AF877009DD62A /* DailyRequest.swift */; };
		73CA2D5D1D6AFC7E009DD62A /* Alamofire.framework in Frameworks */ = {isa = PBXBuildFile; fileRef = 73CA2D5C1D6AFC7E009DD62A /* Alamofire.framework */; };
		73CA2D631D6BEDCE009DD62A /* StartImageView.swift in Sources */ = {isa = PBXBuildFile; fileRef = 73CA2D621D6BEDCE009DD62A /* StartImageView.swift */; };
		73CA2D661D6BEEA6009DD62A /* Util.swift in Sources */ = {isa = PBXBuildFile; fileRef = 73CA2D651D6BEEA6009DD62A /* Util.swift */; };
		73CA2D681D6BF21E009DD62A /* SnapKit.framework in Frameworks */ = {isa = PBXBuildFile; fileRef = 73CA2D671D6BF21E009DD62A /* SnapKit.framework */; };
		73CA2D6A1D6BFC7F009DD62A /* Color.swift in Sources */ = {isa = PBXBuildFile; fileRef = 73CA2D691D6BFC7F009DD62A /* Color.swift */; };
		73CA2D6C1D6BFDBF009DD62A /* Font.swift in Sources */ = {isa = PBXBuildFile; fileRef = 73CA2D6B1D6BFDBF009DD62A /* Font.swift */; };
		73DFBE401D7433A8008E6711 /* DYLSlideMenu.swift in Sources */ = {isa = PBXBuildFile; fileRef = 73DFBE3F1D7433A8008E6711 /* DYLSlideMenu.swift */; };
		73E3CCFD1D81417A002FD27F /* ContentViewController.swift in Sources */ = {isa = PBXBuildFile; fileRef = 73E3CCFC1D81417A002FD27F /* ContentViewController.swift */; };
		73E3CCFF1D81524C002FD27F /* RightTransition.swift in Sources */ = {isa = PBXBuildFile; fileRef = 73E3CCFE1D81524C002FD27F /* RightTransition.swift */; };
		73E3CD011D816B9F002FD27F /* FooterBar.swift in Sources */ = {isa = PBXBuildFile; fileRef = 73E3CD001D816B9F002FD27F /* FooterBar.swift */; };
		73E3CD031D825097002FD27F /* RefreshView.swift in Sources */ = {isa = PBXBuildFile; fileRef = 73E3CD021D825097002FD27F /* RefreshView.swift */; };
		73E3CD051D8295FA002FD27F /* CommentViewController.swift in Sources */ = {isa = PBXBuildFile; fileRef = 73E3CD041D8295FA002FD27F /* CommentViewController.swift */; };
		73E3CD071D8297FD002FD27F /* Comment.swift in Sources */ = {isa = PBXBuildFile; fileRef = 73E3CD061D8297FD002FD27F /* Comment.swift */; };
		73E3CD091D829B00002FD27F /* CommentCell.swift in Sources */ = {isa = PBXBuildFile; fileRef = 73E3CD081D829B00002FD27F /* CommentCell.swift */; };
		CB9E10BBCE0592D55C7C9CDF /* Pods_ZhihuDaily.framework in Frameworks */ = {isa = PBXBuildFile; fileRef = 42D427B9294581762DA5E91E /* Pods_ZhihuDaily.framework */; };
/* End PBXBuildFile section */

/* Begin PBXFileReference section */
		42D427B9294581762DA5E91E /* Pods_ZhihuDaily.framework */ = {isa = PBXFileReference; explicitFileType = wrapper.framework; includeInIndex = 0; path = Pods_ZhihuDaily.framework; sourceTree = BUILT_PRODUCTS_DIR; };
		4FFFBD821902AB51C25F535E /* Pods-ZhihuDaily.debug.xcconfig */ = {isa = PBXFileReference; includeInIndex = 1; lastKnownFileType = text.xcconfig; name = "Pods-ZhihuDaily.debug.xcconfig"; path = "Pods/Target Support Files/Pods-ZhihuDaily/Pods-ZhihuDaily.debug.xcconfig"; sourceTree = "<group>"; };
		7330CDE01D82B07F0077A8E6 /* PraiseView.swift */ = {isa = PBXFileReference; fileEncoding = 4; lastKnownFileType = sourcecode.swift; path = PraiseView.swift; sourceTree = "<group>"; };
		734C3DE41D6D401C00B1029B /* CircleProgressView.swift */ = {isa = PBXFileReference; fileEncoding = 4; lastKnownFileType = sourcecode.swift; path = CircleProgressView.swift; sourceTree = "<group>"; };
		734C3DE81D6D797C00B1029B /* DYLCarousel.swift */ = {isa = PBXFileReference; fileEncoding = 4; lastKnownFileType = sourcecode.swift; path = DYLCarousel.swift; sourceTree = "<group>"; };
		734C3DEB1D6D7B3B00B1029B /* BannerView.swift */ = {isa = PBXFileReference; fileEncoding = 4; lastKnownFileType = sourcecode.swift; path = BannerView.swift; sourceTree = "<group>"; };
		734C3DED1D6D8CEE00B1029B /* DYLParallelView.swift */ = {isa = PBXFileReference; fileEncoding = 4; lastKnownFileType = sourcecode.swift; path = DYLParallelView.swift; sourceTree = "<group>"; };
		734C3DF01D6DA20E00B1029B /* Story.swift */ = {isa = PBXFileReference; fileEncoding = 4; lastKnownFileType = sourcecode.swift; path = Story.swift; sourceTree = "<group>"; };
		734C3DF31D6EB7FD00B1029B /* StoryCell.swift */ = {isa = PBXFileReference; fileEncoding = 4; lastKnownFileType = sourcecode.swift; path = StoryCell.swift; sourceTree = "<group>"; };
		734C3DF51D6EC36500B1029B /* UITableView_FDTemplateLayoutCell.framework */ = {isa = PBXFileReference; lastKnownFileType = wrapper.framework; name = UITableView_FDTemplateLayoutCell.framework; path = "Pods/../build/Debug-iphoneos/UITableView+FDTemplateLayoutCell/UITableView_FDTemplateLayoutCell.framework"; sourceTree = "<group>"; };
		734C3DF81D6EC74500B1029B /* ZhihuDaily-swift.h */ = {isa = PBXFileReference; lastKnownFileType = sourcecode.c.h; path = "ZhihuDaily-swift.h"; sourceTree = "<group>"; };
		734C3DF91D6EC94300B1029B /* ZhihuDaily-Bridging-Header.h */ = {isa = PBXFileReference; lastKnownFileType = sourcecode.c.h; path = "ZhihuDaily-Bridging-Header.h"; sourceTree = "<group>"; };
		736EE4FE1D751F5B00C7834D /* Theme.swift */ = {isa = PBXFileReference; fileEncoding = 4; lastKnownFileType = sourcecode.swift; path = Theme.swift; sourceTree = "<group>"; };
		736EE5001D754A9200C7834D /* MenuViewController.swift */ = {isa = PBXFileReference; fileEncoding = 4; lastKnownFileType = sourcecode.swift; path = MenuViewController.swift; sourceTree = "<group>"; };
		736EE5021D754BBE00C7834D /* ThemeCell.swift */ = {isa = PBXFileReference; fileEncoding = 4; lastKnownFileType = sourcecode.swift; path = ThemeCell.swift; sourceTree = "<group>"; };
		736EE5041D7558B700C7834D /* DYLSlideViewController.swift */ = {isa = PBXFileReference; fileEncoding = 4; lastKnownFileType = sourcecode.swift; path = DYLSlideViewController.swift; sourceTree = "<group>"; };
		736EE5061D7563E000C7834D /* HomeThemeCell.swift */ = {isa = PBXFileReference; fileEncoding = 4; lastKnownFileType = sourcecode.swift; path = HomeThemeCell.swift; sourceTree = "<group>"; };
		736EE5081D7572FB00C7834D /* ThemeViewController.swift */ = {isa = PBXFileReference; fileEncoding = 4; lastKnownFileType = sourcecode.swift; path = ThemeViewController.swift; sourceTree = "<group>"; };
		736EE50B1D75919200C7834D /* SWRevealViewController.h */ = {isa = PBXFileReference; fileEncoding = 4; lastKnownFileType = sourcecode.c.h; path = SWRevealViewController.h; sourceTree = "<group>"; };
		736EE50C1D75919200C7834D /* SWRevealViewController.m */ = {isa = PBXFileReference; fileEncoding = 4; lastKnownFileType = sourcecode.c.objc; path = SWRevealViewController.m; sourceTree = "<group>"; };
		73AC850E1D73D148000B111A /* TitleView.swift */ = {isa = PBXFileReference; fileEncoding = 4; lastKnownFileType = sourcecode.swift; path = TitleView.swift; sourceTree = "<group>"; };
		73AEDBE31D6FF15000BDDBCA /* UITableView+FDIndexPathHeightCache.h */ = {isa = PBXFileReference; fileEncoding = 4; lastKnownFileType = sourcecode.c.h; path = "UITableView+FDIndexPathHeightCache.h"; sourceTree = "<group>"; };
		73AEDBE41D6FF15000BDDBCA /* UITableView+FDIndexPathHeightCache.m */ = {isa = PBXFileReference; fileEncoding = 4; lastKnownFileType = sourcecode.c.objc; path = "UITableView+FDIndexPathHeightCache.m"; sourceTree = "<group>"; };
		73AEDBE51D6FF15000BDDBCA /* UITableView+FDKeyedHeightCache.h */ = {isa = PBXFileReference; fileEncoding = 4; lastKnownFileType = sourcecode.c.h; path = "UITableView+FDKeyedHeightCache.h"; sourceTree = "<group>"; };
		73AEDBE61D6FF15000BDDBCA /* UITableView+FDKeyedHeightCache.m */ = {isa = PBXFileReference; fileEncoding = 4; lastKnownFileType = sourcecode.c.objc; path = "UITableView+FDKeyedHeightCache.m"; sourceTree = "<group>"; };
		73AEDBE71D6FF15000BDDBCA /* UITableView+FDTemplateLayoutCell.h */ = {isa = PBXFileReference; fileEncoding = 4; lastKnownFileType = sourcecode.c.h; path = "UITableView+FDTemplateLayoutCell.h"; sourceTree = "<group>"; };
		73AEDBE81D6FF15000BDDBCA /* UITableView+FDTemplateLayoutCell.m */ = {isa = PBXFileReference; fileEncoding = 4; lastKnownFileType = sourcecode.c.objc; path = "UITableView+FDTemplateLayoutCell.m"; sourceTree = "<group>"; };
		73AEDBE91D6FF15000BDDBCA /* UITableView+FDTemplateLayoutCellDebug.h */ = {isa = PBXFileReference; fileEncoding = 4; lastKnownFileType = sourcecode.c.h; path = "UITableView+FDTemplateLayoutCellDebug.h"; sourceTree = "<group>"; };
		73AEDBEA1D6FF15000BDDBCA /* UITableView+FDTemplateLayoutCellDebug.m */ = {isa = PBXFileReference; fileEncoding = 4; lastKnownFileType = sourcecode.c.objc; path = "UITableView+FDTemplateLayoutCellDebug.m"; sourceTree = "<group>"; };
		73AEDC0F1D70122800BDDBCA /* ParallaxHeaderView.swift */ = {isa = PBXFileReference; fileEncoding = 4; lastKnownFileType = sourcecode.swift; path = ParallaxHeaderView.swift; sourceTree = "<group>"; };
		73AEDC111D70127600BDDBCA /* MainViewController.swift */ = {isa = PBXFileReference; fileEncoding = 4; lastKnownFileType = sourcecode.swift; path = MainViewController.swift; sourceTree = "<group>"; };
		73AEDC351D70AA1200BDDBCA /* Kingfisher.framework */ = {isa = PBXFileReference; lastKnownFileType = wrapper.framework; name = Kingfisher.framework; path = "../../../../Library/Developer/Xcode/DerivedData/ZhihuDaily-dnniyxskakzdqgfwbbdfkyjvtkmu/Build/Products/Debug-iphonesimulator/Kingfisher/Kingfisher.framework"; sourceTree = "<group>"; };
		73AEDC381D70ADE800BDDBCA /* LauchViewController.swift */ = {isa = PBXFileReference; fileEncoding = 4; lastKnownFileType = sourcecode.swift; path = LauchViewController.swift; sourceTree = "<group>"; };
		73AEDC3A1D72B5D300BDDBCA /* SwiftDate.framework */ = {isa = PBXFileReference; lastKnownFileType = wrapper.framework; name = SwiftDate.framework; path = "../../../../Library/Developer/Xcode/DerivedData/ZhihuDaily-dnniyxskakzdqgfwbbdfkyjvtkmu/Build/Products/Debug-iphonesimulator/SwiftDate/SwiftDate.framework"; sourceTree = "<group>"; };
		73B82B071D6EE6F100CB9634 /* Extension.swift */ = {isa = PBXFileReference; fileEncoding = 4; lastKnownFileType = sourcecode.swift; path = Extension.swift; sourceTree = "<group>"; };
		73BD80301D76AF0900109023 /* NotificationKey.swift */ = {isa = PBXFileReference; fileEncoding = 4; lastKnownFileType = sourcecode.swift; path = NotificationKey.swift; sourceTree = "<group>"; };
		73BD80321D76C7D800109023 /* ThemeEditorCell.swift */ = {isa = PBXFileReference; fileEncoding = 4; lastKnownFileType = sourcecode.swift; path = ThemeEditorCell.swift; sourceTree = "<group>"; };
		73BD80341D76CE3000109023 /* EditorCell.swift */ = {isa = PBXFileReference; fileEncoding = 4; lastKnownFileType = sourcecode.swift; path = EditorCell.swift; sourceTree = "<group>"; };
		73BD80361D76D00C00109023 /* EditorViewController.swift */ = {isa = PBXFileReference; fileEncoding = 4; lastKnownFileType = sourcecode.swift; path = EditorViewController.swift; sourceTree = "<group>"; };
		73C5BECC1D6AF088006089F3 /* ZhihuDaily.app */ = {isa = PBXFileReference; explicitFileType = wrapper.application; includeInIndex = 0; path = ZhihuDaily.app; sourceTree = BUILT_PRODUCTS_DIR; };
		73C5BECF1D6AF089006089F3 /* AppDelegate.swift */ = {isa = PBXFileReference; lastKnownFileType = sourcecode.swift; path = AppDelegate.swift; sourceTree = "<group>"; };
		73C5BED41D6AF089006089F3 /* Base */ = {isa = PBXFileReference; lastKnownFileType = file.storyboard; name = Base; path = Base.lproj/Main.storyboard; sourceTree = "<group>"; };
		73C5BED61D6AF089006089F3 /* Assets.xcassets */ = {isa = PBXFileReference; lastKnownFileType = folder.assetcatalog; path = Assets.xcassets; sourceTree = "<group>"; };
		73C5BED91D6AF089006089F3 /* Base */ = {isa = PBXFileReference; lastKnownFileType = file.storyboard; name = Base; path = Base.lproj/LaunchScreen.storyboard; sourceTree = "<group>"; };
		73C5BEDB1D6AF089006089F3 /* Info.plist */ = {isa = PBXFileReference; lastKnownFileType = text.plist.xml; path = Info.plist; sourceTree = "<group>"; };
		73CA2D561D6AF5D6009DD62A /* URLS.swift */ = {isa = PBXFileReference; fileEncoding = 4; lastKnownFileType = sourcecode.swift; path = URLS.swift; sourceTree = "<group>"; };
		73CA2D581D6AF877009DD62A /* DailyRequest.swift */ = {isa = PBXFileReference; fileEncoding = 4; lastKnownFileType = sourcecode.swift; path = DailyRequest.swift; sourceTree = "<group>"; };
		73CA2D5A1D6AFA7C009DD62A /* Elaine.framework */ = {isa = PBXFileReference; lastKnownFileType = wrapper.framework; name = Elaine.framework; path = "../../../../Library/Developer/Xcode/DerivedData/ZhihuDaily-dnniyxskakzdqgfwbbdfkyjvtkmu/Build/Products/Debug-iphoneos/Elaine/Elaine.framework"; sourceTree = "<group>"; };
		73CA2D5C1D6AFC7E009DD62A /* Alamofire.framework */ = {isa = PBXFileReference; lastKnownFileType = wrapper.framework; name = Alamofire.framework; path = "../../../../Library/Developer/Xcode/DerivedData/ZhihuDaily-dnniyxskakzdqgfwbbdfkyjvtkmu/Build/Products/Debug-iphonesimulator/Alamofire/Alamofire.framework"; sourceTree = "<group>"; };
		73CA2D5E1D6AFD16009DD62A /* Elaine.framework */ = {isa = PBXFileReference; lastKnownFileType = wrapper.framework; name = Elaine.framework; path = "../../../../Library/Developer/Xcode/DerivedData/ZhihuDaily-dnniyxskakzdqgfwbbdfkyjvtkmu/Build/Products/Debug-iphonesimulator/Elaine/Elaine.framework"; sourceTree = "<group>"; };
		73CA2D601D6B0A0B009DD62A /* Dyljqq.framework */ = {isa = PBXFileReference; lastKnownFileType = wrapper.framework; name = Dyljqq.framework; path = "../../../../Library/Developer/Xcode/DerivedData/ZhihuDaily-dnniyxskakzdqgfwbbdfkyjvtkmu/Build/Products/Debug-iphonesimulator/Dyljqq/Dyljqq.framework"; sourceTree = "<group>"; };
		73CA2D621D6BEDCE009DD62A /* StartImageView.swift */ = {isa = PBXFileReference; fileEncoding = 4; lastKnownFileType = sourcecode.swift; path = StartImageView.swift; sourceTree = "<group>"; };
		73CA2D651D6BEEA6009DD62A /* Util.swift */ = {isa = PBXFileReference; fileEncoding = 4; lastKnownFileType = sourcecode.swift; path = Util.swift; sourceTree = "<group>"; };
		73CA2D671D6BF21E009DD62A /* SnapKit.framework */ = {isa = PBXFileReference; lastKnownFileType = wrapper.framework; name = SnapKit.framework; path = "../../../../Library/Developer/Xcode/DerivedData/ZhihuDaily-dnniyxskakzdqgfwbbdfkyjvtkmu/Build/Products/Debug-iphonesimulator/SnapKit/SnapKit.framework"; sourceTree = "<group>"; };
		73CA2D691D6BFC7F009DD62A /* Color.swift */ = {isa = PBXFileReference; fileEncoding = 4; lastKnownFileType = sourcecode.swift; path = Color.swift; sourceTree = "<group>"; };
		73CA2D6B1D6BFDBF009DD62A /* Font.swift */ = {isa = PBXFileReference; fileEncoding = 4; lastKnownFileType = sourcecode.swift; path = Font.swift; sourceTree = "<group>"; };
		73DFBE3F1D7433A8008E6711 /* DYLSlideMenu.swift */ = {isa = PBXFileReference; fileEncoding = 4; lastKnownFileType = sourcecode.swift; path = DYLSlideMenu.swift; sourceTree = "<group>"; };
		73E3CCFC1D81417A002FD27F /* ContentViewController.swift */ = {isa = PBXFileReference; fileEncoding = 4; lastKnownFileType = sourcecode.swift; path = ContentViewController.swift; sourceTree = "<group>"; };
		73E3CCFE1D81524C002FD27F /* RightTransition.swift */ = {isa = PBXFileReference; fileEncoding = 4; lastKnownFileType = sourcecode.swift; path = RightTransition.swift; sourceTree = "<group>"; };
		73E3CD001D816B9F002FD27F /* FooterBar.swift */ = {isa = PBXFileReference; fileEncoding = 4; lastKnownFileType = sourcecode.swift; path = FooterBar.swift; sourceTree = "<group>"; };
		73E3CD021D825097002FD27F /* RefreshView.swift */ = {isa = PBXFileReference; fileEncoding = 4; lastKnownFileType = sourcecode.swift; path = RefreshView.swift; sourceTree = "<group>"; };
		73E3CD041D8295FA002FD27F /* CommentViewController.swift */ = {isa = PBXFileReference; fileEncoding = 4; lastKnownFileType = sourcecode.swift; path = CommentViewController.swift; sourceTree = "<group>"; };
		73E3CD061D8297FD002FD27F /* Comment.swift */ = {isa = PBXFileReference; fileEncoding = 4; lastKnownFileType = sourcecode.swift; path = Comment.swift; sourceTree = "<group>"; };
		73E3CD081D829B00002FD27F /* CommentCell.swift */ = {isa = PBXFileReference; fileEncoding = 4; lastKnownFileType = sourcecode.swift; path = CommentCell.swift; sourceTree = "<group>"; };
		A206D4D1692739515AEA34E3 /* Pods-ZhihuDaily.release.xcconfig */ = {isa = PBXFileReference; includeInIndex = 1; lastKnownFileType = text.xcconfig; name = "Pods-ZhihuDaily.release.xcconfig"; path = "Pods/Target Support Files/Pods-ZhihuDaily/Pods-ZhihuDaily.release.xcconfig"; sourceTree = "<group>"; };
/* End PBXFileReference section */

/* Begin PBXFrameworksBuildPhase section */
		73C5BEC91D6AF088006089F3 /* Frameworks */ = {
			isa = PBXFrameworksBuildPhase;
			buildActionMask = 2147483647;
			files = (
				73AEDC3B1D72B5D300BDDBCA /* SwiftDate.framework in Frameworks */,
				73AEDC361D70AA1200BDDBCA /* Kingfisher.framework in Frameworks */,
				73CA2D681D6BF21E009DD62A /* SnapKit.framework in Frameworks */,
				73CA2D5D1D6AFC7E009DD62A /* Alamofire.framework in Frameworks */,
				CB9E10BBCE0592D55C7C9CDF /* Pods_ZhihuDaily.framework in Frameworks */,
			);
			runOnlyForDeploymentPostprocessing = 0;
		};
/* End PBXFrameworksBuildPhase section */

/* Begin PBXGroup section */
		6D16925084E13425FBA80726 /* Pods */ = {
			isa = PBXGroup;
			children = (
				4FFFBD821902AB51C25F535E /* Pods-ZhihuDaily.debug.xcconfig */,
				A206D4D1692739515AEA34E3 /* Pods-ZhihuDaily.release.xcconfig */,
			);
			name = Pods;
			sourceTree = "<group>";
		};
		734C3DE31D6D400500B1029B /* weidget */ = {
			isa = PBXGroup;
			children = (
				73AEDC0F1D70122800BDDBCA /* ParallaxHeaderView.swift */,
				734C3DE81D6D797C00B1029B /* DYLCarousel.swift */,
				734C3DE41D6D401C00B1029B /* CircleProgressView.swift */,
				734C3DED1D6D8CEE00B1029B /* DYLParallelView.swift */,
				73DFBE3F1D7433A8008E6711 /* DYLSlideMenu.swift */,
			);
			name = weidget;
			sourceTree = "<group>";
		};
		734C3DEA1D6D7B2C00B1029B /* View */ = {
			isa = PBXGroup;
			children = (
				734C3DEB1D6D7B3B00B1029B /* BannerView.swift */,
				73AC850E1D73D148000B111A /* TitleView.swift */,
				73E3CD001D816B9F002FD27F /* FooterBar.swift */,
				73E3CD021D825097002FD27F /* RefreshView.swift */,
				7330CDE01D82B07F0077A8E6 /* PraiseView.swift */,
			);
			name = View;
			sourceTree = "<group>";
		};
		734C3DEF1D6DA1FD00B1029B /* Model */ = {
			isa = PBXGroup;
			children = (
				734C3DF01D6DA20E00B1029B /* Story.swift */,
				736EE4FE1D751F5B00C7834D /* Theme.swift */,
				73E3CD061D8297FD002FD27F /* Comment.swift */,
			);
			name = Model;
			sourceTree = "<group>";
		};
		734C3DF21D6EB7E000B1029B /* cell */ = {
			isa = PBXGroup;
			children = (
				734C3DF31D6EB7FD00B1029B /* StoryCell.swift */,
				736EE5021D754BBE00C7834D /* ThemeCell.swift */,
				736EE5061D7563E000C7834D /* HomeThemeCell.swift */,
				73BD80321D76C7D800109023 /* ThemeEditorCell.swift */,
				73BD80341D76CE3000109023 /* EditorCell.swift */,
				73E3CD081D829B00002FD27F /* CommentCell.swift */,
			);
			name = cell;
			sourceTree = "<group>";
		};
		734C3DFA1D6ECA0E00B1029B /* FrameWork */ = {
			isa = PBXGroup;
			children = (
				736EE50A1D75919200C7834D /* SWRevealViewController */,
				73AEDBE21D6FF15000BDDBCA /* UITableView+FDTemplateLayoutCell */,
			);
			path = FrameWork;
			sourceTree = "<group>";
		};
		736EE50A1D75919200C7834D /* SWRevealViewController */ = {
			isa = PBXGroup;
			children = (
				736EE50B1D75919200C7834D /* SWRevealViewController.h */,
				736EE50C1D75919200C7834D /* SWRevealViewController.m */,
			);
			path = SWRevealViewController;
			sourceTree = "<group>";
		};
		73AEDBE21D6FF15000BDDBCA /* UITableView+FDTemplateLayoutCell */ = {
			isa = PBXGroup;
			children = (
				73AEDBE31D6FF15000BDDBCA /* UITableView+FDIndexPathHeightCache.h */,
				73AEDBE41D6FF15000BDDBCA /* UITableView+FDIndexPathHeightCache.m */,
				73AEDBE51D6FF15000BDDBCA /* UITableView+FDKeyedHeightCache.h */,
				73AEDBE61D6FF15000BDDBCA /* UITableView+FDKeyedHeightCache.m */,
				73AEDBE71D6FF15000BDDBCA /* UITableView+FDTemplateLayoutCell.h */,
				73AEDBE81D6FF15000BDDBCA /* UITableView+FDTemplateLayoutCell.m */,
				73AEDBE91D6FF15000BDDBCA /* UITableView+FDTemplateLayoutCellDebug.h */,
				73AEDBEA1D6FF15000BDDBCA /* UITableView+FDTemplateLayoutCellDebug.m */,
			);
			path = "UITableView+FDTemplateLayoutCell";
			sourceTree = "<group>";
		};
		73AEDC371D70ADCD00BDDBCA /* Controller */ = {
			isa = PBXGroup;
			children = (
				73AEDC381D70ADE800BDDBCA /* LauchViewController.swift */,
				736EE5001D754A9200C7834D /* MenuViewController.swift */,
				736EE5041D7558B700C7834D /* DYLSlideViewController.swift */,
				736EE5081D7572FB00C7834D /* ThemeViewController.swift */,
				73BD80361D76D00C00109023 /* EditorViewController.swift */,
				73E3CCFC1D81417A002FD27F /* ContentViewController.swift */,
				73E3CD041D8295FA002FD27F /* CommentViewController.swift */,
			);
			name = Controller;
			sourceTree = "<group>";
		};
		73B82B061D6EE6DB00CB9634 /* extension */ = {
			isa = PBXGroup;
			children = (
				73B82B071D6EE6F100CB9634 /* Extension.swift */,
			);
			name = extension;
			sourceTree = "<group>";
		};
		73C5BEC31D6AF088006089F3 = {
			isa = PBXGroup;
			children = (
				73C5BECE1D6AF089006089F3 /* ZhihuDaily */,
				73C5BECD1D6AF088006089F3 /* Products */,
				6D16925084E13425FBA80726 /* Pods */,
				97CE1D95516933D74EFDFC40 /* Frameworks */,
			);
			sourceTree = "<group>";
		};
		73C5BECD1D6AF088006089F3 /* Products */ = {
			isa = PBXGroup;
			children = (
				73C5BECC1D6AF088006089F3 /* ZhihuDaily.app */,
			);
			name = Products;
			sourceTree = "<group>";
		};
		73C5BECE1D6AF089006089F3 /* ZhihuDaily */ = {
			isa = PBXGroup;
			children = (
				73AEDC111D70127600BDDBCA /* MainViewController.swift */,
				734C3DFA1D6ECA0E00B1029B /* FrameWork */,
				73CA2D541D6AF5A7009DD62A /* Class */,
				73C5BECF1D6AF089006089F3 /* AppDelegate.swift */,
				73CA2D621D6BEDCE009DD62A /* StartImageView.swift */,
				73C5BED31D6AF089006089F3 /* Main.storyboard */,
				73C5BED61D6AF089006089F3 /* Assets.xcassets */,
				73C5BED81D6AF089006089F3 /* LaunchScreen.storyboard */,
				73C5BEDB1D6AF089006089F3 /* Info.plist */,
				734C3DF81D6EC74500B1029B /* ZhihuDaily-swift.h */,
				734C3DF91D6EC94300B1029B /* ZhihuDaily-Bridging-Header.h */,
			);
			path = ZhihuDaily;
			sourceTree = "<group>";
		};
		73CA2D541D6AF5A7009DD62A /* Class */ = {
			isa = PBXGroup;
			children = (
				73CA2D581D6AF877009DD62A /* DailyRequest.swift */,
				73AEDC371D70ADCD00BDDBCA /* Controller */,
				73B82B061D6EE6DB00CB9634 /* extension */,
				734C3DF21D6EB7E000B1029B /* cell */,
				734C3DEF1D6DA1FD00B1029B /* Model */,
				734C3DEA1D6D7B2C00B1029B /* View */,
				734C3DE31D6D400500B1029B /* weidget */,
				73CA2D641D6BEE7E009DD62A /* Util */,
				73CA2D551D6AF5B1009DD62A /* Network */,
			);
			name = Class;
			sourceTree = "<group>";
		};
		73CA2D551D6AF5B1009DD62A /* Network */ = {
			isa = PBXGroup;
			children = (
				73CA2D561D6AF5D6009DD62A /* URLS.swift */,
			);
			name = Network;
			sourceTree = "<group>";
		};
		73CA2D641D6BEE7E009DD62A /* Util */ = {
			isa = PBXGroup;
			children = (
				73CA2D651D6BEEA6009DD62A /* Util.swift */,
				73CA2D691D6BFC7F009DD62A /* Color.swift */,
				73CA2D6B1D6BFDBF009DD62A /* Font.swift */,
				73BD80301D76AF0900109023 /* NotificationKey.swift */,
				73E3CCFE1D81524C002FD27F /* RightTransition.swift */,
			);
			name = Util;
			sourceTree = "<group>";
		};
		97CE1D95516933D74EFDFC40 /* Frameworks */ = {
			isa = PBXGroup;
			children = (
				73AEDC3A1D72B5D300BDDBCA /* SwiftDate.framework */,
				73AEDC351D70AA1200BDDBCA /* Kingfisher.framework */,
				734C3DF51D6EC36500B1029B /* UITableView_FDTemplateLayoutCell.framework */,
				73CA2D671D6BF21E009DD62A /* SnapKit.framework */,
				73CA2D601D6B0A0B009DD62A /* Dyljqq.framework */,
				73CA2D5E1D6AFD16009DD62A /* Elaine.framework */,
				73CA2D5C1D6AFC7E009DD62A /* Alamofire.framework */,
				73CA2D5A1D6AFA7C009DD62A /* Elaine.framework */,
				42D427B9294581762DA5E91E /* Pods_ZhihuDaily.framework */,
			);
			name = Frameworks;
			sourceTree = "<group>";
		};
/* End PBXGroup section */

/* Begin PBXNativeTarget section */
		73C5BECB1D6AF088006089F3 /* ZhihuDaily */ = {
			isa = PBXNativeTarget;
			buildConfigurationList = 73C5BEDE1D6AF089006089F3 /* Build configuration list for PBXNativeTarget "ZhihuDaily" */;
			buildPhases = (
				A264158C50EEFBF7FDB70DFF /* [CP] Check Pods Manifest.lock */,
				73C5BEC81D6AF088006089F3 /* Sources */,
				73C5BEC91D6AF088006089F3 /* Frameworks */,
				73C5BECA1D6AF088006089F3 /* Resources */,
				F207A9652071AF0BBF9CD23A /* [CP] Embed Pods Frameworks */,
				4A20CEDBEB1BA1640C2A46E2 /* [CP] Copy Pods Resources */,
			);
			buildRules = (
			);
			dependencies = (
			);
			name = ZhihuDaily;
			productName = ZhihuDaily;
			productReference = 73C5BECC1D6AF088006089F3 /* ZhihuDaily.app */;
			productType = "com.apple.product-type.application";
		};
/* End PBXNativeTarget section */

/* Begin PBXProject section */
		73C5BEC41D6AF088006089F3 /* Project object */ = {
			isa = PBXProject;
			attributes = {
				LastSwiftUpdateCheck = 0730;
				LastUpgradeCheck = 0730;
				ORGANIZATIONNAME = "季勤强";
				TargetAttributes = {
					73C5BECB1D6AF088006089F3 = {
						CreatedOnToolsVersion = 7.3.1;
					};
				};
			};
			buildConfigurationList = 73C5BEC71D6AF088006089F3 /* Build configuration list for PBXProject "ZhihuDaily" */;
			compatibilityVersion = "Xcode 3.2";
			developmentRegion = English;
			hasScannedForEncodings = 0;
			knownRegions = (
				en,
				Base,
			);
			mainGroup = 73C5BEC31D6AF088006089F3;
			productRefGroup = 73C5BECD1D6AF088006089F3 /* Products */;
			projectDirPath = "";
			projectRoot = "";
			targets = (
				73C5BECB1D6AF088006089F3 /* ZhihuDaily */,
			);
		};
/* End PBXProject section */

/* Begin PBXResourcesBuildPhase section */
		73C5BECA1D6AF088006089F3 /* Resources */ = {
			isa = PBXResourcesBuildPhase;
			buildActionMask = 2147483647;
			files = (
				73C5BEDA1D6AF089006089F3 /* LaunchScreen.storyboard in Resources */,
				73C5BED71D6AF089006089F3 /* Assets.xcassets in Resources */,
				73C5BED51D6AF089006089F3 /* Main.storyboard in Resources */,
			);
			runOnlyForDeploymentPostprocessing = 0;
		};
/* End PBXResourcesBuildPhase section */

/* Begin PBXShellScriptBuildPhase section */
		4A20CEDBEB1BA1640C2A46E2 /* [CP] Copy Pods Resources */ = {
			isa = PBXShellScriptBuildPhase;
			buildActionMask = 2147483647;
			files = (
			);
			inputPaths = (
			);
			name = "[CP] Copy Pods Resources";
			outputPaths = (
			);
			runOnlyForDeploymentPostprocessing = 0;
			shellPath = /bin/sh;
			shellScript = "\"${SRCROOT}/Pods/Target Support Files/Pods-ZhihuDaily/Pods-ZhihuDaily-resources.sh\"\n";
			showEnvVarsInLog = 0;
		};
		A264158C50EEFBF7FDB70DFF /* [CP] Check Pods Manifest.lock */ = {
			isa = PBXShellScriptBuildPhase;
			buildActionMask = 2147483647;
			files = (
			);
			inputPaths = (
			);
			name = "[CP] Check Pods Manifest.lock";
			outputPaths = (
			);
			runOnlyForDeploymentPostprocessing = 0;
			shellPath = /bin/sh;
			shellScript = "diff \"${PODS_ROOT}/../Podfile.lock\" \"${PODS_ROOT}/Manifest.lock\" > /dev/null\nif [[ $? != 0 ]] ; then\n    cat << EOM\nerror: The sandbox is not in sync with the Podfile.lock. Run 'pod install' or update your CocoaPods installation.\nEOM\n    exit 1\nfi\n";
			showEnvVarsInLog = 0;
		};
		F207A9652071AF0BBF9CD23A /* [CP] Embed Pods Frameworks */ = {
			isa = PBXShellScriptBuildPhase;
			buildActionMask = 2147483647;
			files = (
			);
			inputPaths = (
			);
			name = "[CP] Embed Pods Frameworks";
			outputPaths = (
			);
			runOnlyForDeploymentPostprocessing = 0;
			shellPath = /bin/sh;
			shellScript = "\"${SRCROOT}/Pods/Target Support Files/Pods-ZhihuDaily/Pods-ZhihuDaily-frameworks.sh\"\n";
			showEnvVarsInLog = 0;
		};
/* End PBXShellScriptBuildPhase section */

/* Begin PBXSourcesBuildPhase section */
		73C5BEC81D6AF088006089F3 /* Sources */ = {
			isa = PBXSourcesBuildPhase;
			buildActionMask = 2147483647;
			files = (
				73AEDBED1D6FF15000BDDBCA /* UITableView+FDTemplateLayoutCell.m in Sources */,
				734C3DE91D6D797C00B1029B /* DYLCarousel.swift in Sources */,
				73CA2D661D6BEEA6009DD62A /* Util.swift in Sources */,
				734C3DF41D6EB7FD00B1029B /* StoryCell.swift in Sources */,
				734C3DE51D6D401C00B1029B /* CircleProgressView.swift in Sources */,
				73E3CD011D816B9F002FD27F /* FooterBar.swift in Sources */,
				73CA2D6A1D6BFC7F009DD62A /* Color.swift in Sources */,
				73DFBE401D7433A8008E6711 /* DYLSlideMenu.swift in Sources */,
				73AEDBEC1D6FF15000BDDBCA /* UITableView+FDKeyedHeightCache.m in Sources */,
				73AEDBEB1D6FF15000BDDBCA /* UITableView+FDIndexPathHeightCache.m in Sources */,
				73E3CCFF1D81524C002FD27F /* RightTransition.swift in Sources */,
				736EE4FF1D751F5B00C7834D /* Theme.swift in Sources */,
				734C3DEE1D6D8CEE00B1029B /* DYLParallelView.swift in Sources */,
				73CA2D591D6AF877009DD62A /* DailyRequest.swift in Sources */,
				73CA2D6C1D6BFDBF009DD62A /* Font.swift in Sources */,
				73E3CD091D829B00002FD27F /* CommentCell.swift in Sources */,
				736EE5051D7558B700C7834D /* DYLSlideViewController.swift in Sources */,
				734C3DF11D6DA20E00B1029B /* Story.swift in Sources */,
				73BD80351D76CE3000109023 /* EditorCell.swift in Sources */,
				73AEDC101D70122800BDDBCA /* ParallaxHeaderView.swift in Sources */,
				73B82B081D6EE6F100CB9634 /* Extension.swift in Sources */,
				736EE50D1D75919200C7834D /* SWRevealViewController.m in Sources */,
				7330CDE11D82B07F0077A8E6 /* PraiseView.swift in Sources */,
				73BD80331D76C7D800109023 /* ThemeEditorCell.swift in Sources */,
				73E3CCFD1D81417A002FD27F /* ContentViewController.swift in Sources */,
				73BD80311D76AF0900109023 /* NotificationKey.swift in Sources */,
				736EE5011D754A9200C7834D /* MenuViewController.swift in Sources */,
				736EE5071D7563E000C7834D /* HomeThemeCell.swift in Sources */,
				73E3CD051D8295FA002FD27F /* CommentViewController.swift in Sources */,
				73CA2D571D6AF5D6009DD62A /* URLS.swift in Sources */,
				734C3DEC1D6D7B3B00B1029B /* BannerView.swift in Sources */,
				73C5BED01D6AF089006089F3 /* AppDelegate.swift in Sources */,
				73AEDBEE1D6FF15000BDDBCA /* UITableView+FDTemplateLayoutCellDebug.m in Sources */,
				73E3CD031D825097002FD27F /* RefreshView.swift in Sources */,
				736EE5091D7572FB00C7834D /* ThemeViewController.swift in Sources */,
				736EE5031D754BBE00C7834D /* ThemeCell.swift in Sources */,
				73AEDC391D70ADE800BDDBCA /* LauchViewController.swift in Sources */,
				73E3CD071D8297FD002FD27F /* Comment.swift in Sources */,
				73AC850F1D73D148000B111A /* TitleView.swift in Sources */,
				73CA2D631D6BEDCE009DD62A /* StartImageView.swift in Sources */,
				73AEDC121D70127600BDDBCA /* MainViewController.swift in Sources */,
				73BD80371D76D00C00109023 /* EditorViewController.swift in Sources */,
			);
			runOnlyForDeploymentPostprocessing = 0;
		};
/* End PBXSourcesBuildPhase section */

/* Begin PBXVariantGroup section */
		73C5BED31D6AF089006089F3 /* Main.storyboard */ = {
			isa = PBXVariantGroup;
			children = (
				73C5BED41D6AF089006089F3 /* Base */,
			);
			name = Main.storyboard;
			sourceTree = "<group>";
		};
		73C5BED81D6AF089006089F3 /* LaunchScreen.storyboard */ = {
			isa = PBXVariantGroup;
			children = (
				73C5BED91D6AF089006089F3 /* Base */,
			);
			name = LaunchScreen.storyboard;
			sourceTree = "<group>";
		};
/* End PBXVariantGroup section */

/* Begin XCBuildConfiguration section */
		73C5BEDC1D6AF089006089F3 /* Debug */ = {
			isa = XCBuildConfiguration;
			buildSettings = {
				ALWAYS_SEARCH_USER_PATHS = NO;
				CLANG_ANALYZER_NONNULL = YES;
				CLANG_CXX_LANGUAGE_STANDARD = "gnu++0x";
				CLANG_CXX_LIBRARY = "libc++";
				CLANG_ENABLE_MODULES = YES;
				CLANG_ENABLE_OBJC_ARC = YES;
				CLANG_WARN_BOOL_CONVERSION = YES;
				CLANG_WARN_CONSTANT_CONVERSION = YES;
				CLANG_WARN_DIRECT_OBJC_ISA_USAGE = YES_ERROR;
				CLANG_WARN_EMPTY_BODY = YES;
				CLANG_WARN_ENUM_CONVERSION = YES;
				CLANG_WARN_INT_CONVERSION = YES;
				CLANG_WARN_OBJC_ROOT_CLASS = YES_ERROR;
				CLANG_WARN_UNREACHABLE_CODE = YES;
				CLANG_WARN__DUPLICATE_METHOD_MATCH = YES;
				"CODE_SIGN_IDENTITY[sdk=iphoneos*]" = "iPhone Developer";
				COPY_PHASE_STRIP = NO;
				DEBUG_INFORMATION_FORMAT = dwarf;
				ENABLE_STRICT_OBJC_MSGSEND = YES;
				ENABLE_TESTABILITY = YES;
				GCC_C_LANGUAGE_STANDARD = gnu99;
				GCC_DYNAMIC_NO_PIC = NO;
				GCC_NO_COMMON_BLOCKS = YES;
				GCC_OPTIMIZATION_LEVEL = 0;
				GCC_PREPROCESSOR_DEFINITIONS = (
					"DEBUG=1",
					"$(inherited)",
				);
				GCC_WARN_64_TO_32_BIT_CONVERSION = YES;
				GCC_WARN_ABOUT_RETURN_TYPE = YES_ERROR;
				GCC_WARN_UNDECLARED_SELECTOR = YES;
				GCC_WARN_UNINITIALIZED_AUTOS = YES_AGGRESSIVE;
				GCC_WARN_UNUSED_FUNCTION = YES;
				GCC_WARN_UNUSED_VARIABLE = YES;
				IPHONEOS_DEPLOYMENT_TARGET = 9.3;
				MTL_ENABLE_DEBUG_INFO = YES;
				ONLY_ACTIVE_ARCH = YES;
				SDKROOT = iphoneos;
				SWIFT_OPTIMIZATION_LEVEL = "-Onone";
			};
			name = Debug;
		};
		73C5BEDD1D6AF089006089F3 /* Release */ = {
			isa = XCBuildConfiguration;
			buildSettings = {
				ALWAYS_SEARCH_USER_PATHS = NO;
				CLANG_ANALYZER_NONNULL = YES;
				CLANG_CXX_LANGUAGE_STANDARD = "gnu++0x";
				CLANG_CXX_LIBRARY = "libc++";
				CLANG_ENABLE_MODULES = YES;
				CLANG_ENABLE_OBJC_ARC = YES;
				CLANG_WARN_BOOL_CONVERSION = YES;
				CLANG_WARN_CONSTANT_CONVERSION = YES;
				CLANG_WARN_DIRECT_OBJC_ISA_USAGE = YES_ERROR;
				CLANG_WARN_EMPTY_BODY = YES;
				CLANG_WARN_ENUM_CONVERSION = YES;
				CLANG_WARN_INT_CONVERSION = YES;
				CLANG_WARN_OBJC_ROOT_CLASS = YES_ERROR;
				CLANG_WARN_UNREACHABLE_CODE = YES;
				CLANG_WARN__DUPLICATE_METHOD_MATCH = YES;
				"CODE_SIGN_IDENTITY[sdk=iphoneos*]" = "iPhone Developer";
				COPY_PHASE_STRIP = NO;
				DEBUG_INFORMATION_FORMAT = "dwarf-with-dsym";
				ENABLE_NS_ASSERTIONS = NO;
				ENABLE_STRICT_OBJC_MSGSEND = YES;
				GCC_C_LANGUAGE_STANDARD = gnu99;
				GCC_NO_COMMON_BLOCKS = YES;
				GCC_WARN_64_TO_32_BIT_CONVERSION = YES;
				GCC_WARN_ABOUT_RETURN_TYPE = YES_ERROR;
				GCC_WARN_UNDECLARED_SELECTOR = YES;
				GCC_WARN_UNINITIALIZED_AUTOS = YES_AGGRESSIVE;
				GCC_WARN_UNUSED_FUNCTION = YES;
				GCC_WARN_UNUSED_VARIABLE = YES;
				IPHONEOS_DEPLOYMENT_TARGET = 9.3;
				MTL_ENABLE_DEBUG_INFO = NO;
				SDKROOT = iphoneos;
				VALIDATE_PRODUCT = YES;
			};
			name = Release;
		};
		73C5BEDF1D6AF089006089F3 /* Debug */ = {
			isa = XCBuildConfiguration;
			baseConfigurationReference = 4FFFBD821902AB51C25F535E /* Pods-ZhihuDaily.debug.xcconfig */;
			buildSettings = {
				ASSETCATALOG_COMPILER_APPICON_NAME = AppIcon;
				DEFINES_MODULE = NO;
				FRAMEWORK_SEARCH_PATHS = (
					"$(inherited)",
					"$(PROJECT_DIR)/build/Debug-iphoneos/UITableView+FDTemplateLayoutCell",
				);
				INFOPLIST_FILE = ZhihuDaily/Info.plist;
				LD_RUNPATH_SEARCH_PATHS = "$(inherited) @executable_path/Frameworks";
				PRODUCT_BUNDLE_IDENTIFIER = com.jqq.ZhihuDaily;
				PRODUCT_NAME = "$(TARGET_NAME)";
				SWIFT_OBJC_BRIDGING_HEADER = "ZhihuDaily/ZhihuDaily-Bridging-Header.h";
			};
			name = Debug;
		};
		73C5BEE01D6AF089006089F3 /* Release */ = {
			isa = XCBuildConfiguration;
			baseConfigurationReference = A206D4D1692739515AEA34E3 /* Pods-ZhihuDaily.release.xcconfig */;
			buildSettings = {
				ASSETCATALOG_COMPILER_APPICON_NAME = AppIcon;
				DEFINES_MODULE = NO;
				FRAMEWORK_SEARCH_PATHS = (
					"$(inherited)",
					"$(PROJECT_DIR)/build/Debug-iphoneos/UITableView+FDTemplateLayoutCell",
				);
				INFOPLIST_FILE = ZhihuDaily/Info.plist;
				LD_RUNPATH_SEARCH_PATHS = "$(inherited) @executable_path/Frameworks";
				PRODUCT_BUNDLE_IDENTIFIER = com.jqq.ZhihuDaily;
				PRODUCT_NAME = "$(TARGET_NAME)";
				SWIFT_OBJC_BRIDGING_HEADER = "ZhihuDaily/ZhihuDaily-Bridging-Header.h";
			};
			name = Release;
		};
/* End XCBuildConfiguration section */

/* Begin XCConfigurationList section */
		73C5BEC71D6AF088006089F3 /* Build configuration list for PBXProject "ZhihuDaily" */ = {
			isa = XCConfigurationList;
			buildConfigurations = (
				73C5BEDC1D6AF089006089F3 /* Debug */,
				73C5BEDD1D6AF089006089F3 /* Release */,
			);
			defaultConfigurationIsVisible = 0;
			defaultConfigurationName = Release;
		};
		73C5BEDE1D6AF089006089F3 /* Build configuration list for PBXNativeTarget "ZhihuDaily" */ = {
			isa = XCConfigurationList;
			buildConfigurations = (
				73C5BEDF1D6AF089006089F3 /* Debug */,
				73C5BEE01D6AF089006089F3 /* Release */,
			);
			defaultConfigurationIsVisible = 0;
			defaultConfigurationName = Release;
		};
/* End XCConfigurationList section */
	};
	rootObject = 73C5BEC41D6AF088006089F3 /* Project object */;
}
